
Microsoft Visual Studio Solution File, Format Version 12.00
# Visual Studio Version 17
VisualStudioVersion = 17.13.35825.156 d17.13
MinimumVisualStudioVersion = 10.0.40219.1
Project("{8BC9CEB8-8B4A-11D0-8D11-00A0C91BC942}") = "Sandbox", "Sandbox\Sandbox.vcxproj", "{C1CFC789-C201-4ACE-91BD-DFF6CD95F78E}"
EndProject
Project("{8BC9CEB8-8B4A-11D0-8D11-00A0C91BC942}") = "DokaEngine", "DokaEngine\DokaEngine.vcxproj", "{80A2D0C2-DE3C-4D1A-B05B-BC56541D9993}"
EndProject
Global
	GlobalSection(SolutionConfigurationPlatforms) = preSolution
		Debug|x64 = Debug|x64
		Release|x64 = Release|x64
	EndGlobalSection
	GlobalSection(ProjectConfigurationPlatforms) = postSolution
		{80A2D0C2-DE3C-4D1A-B05B-BC56541D9993}.Debug|x64.ActiveCfg = Debug|x64
		{80A2D0C2-DE3C-4D1A-B05B-BC56541D9993}.Debug|x64.Build.0 = Debug|x64
		{80A2D0C2-DE3C-4D1A-B05B-BC56541D9993}.Release|x64.ActiveCfg = Release|x64
		{80A2D0C2-DE3C-4D1A-B05B-BC56541D9993}.Release|x64.Build.0 = Release|x64
		{C1CFC789-C201-4ACE-91BD-DFF6CD95F78E}.Debug|x64.ActiveCfg = Debug|x64
		{C1CFC789-C201-4ACE-91BD-DFF6CD95F78E}.Debug|x64.Build.0 = Debug|x64
		{C1CFC789-C201-4ACE-91BD-DFF6CD95F78E}.Release|x64.ActiveCfg = Release|x64
		{C1CFC789-C201-4ACE-91BD-DFF6CD95F78E}.Release|x64.Build.0 = Release|x64
	EndGlobalSection
	GlobalSection(SolutionProperties) = preSolution
		HideSolutionNode = FALSE
	EndGlobalSection
	GlobalSection(ExtensibilityGlobals) = postSolution
		SolutionGuid = {9D0A4907-E08D-480C-BC49-2EC9D45CE815}
	EndGlobalSection
EndGlobal
